
Microsoft Visual Studio Solution File, Format Version 12.00
# Visual Studio 2013
VisualStudioVersion = 12.0.40629.0
MinimumVisualStudioVersion = 10.0.40219.1
Project("{FAE04EC0-301F-11D3-BF4B-00C04F79EFBC}") = "GenericCollection", "GenericCollection\GenericCollection.csproj", "{EDBE89D9-A30F-4743-95FF-AF78E3B6AB47}"
EndProject
Project("{FAE04EC0-301F-11D3-BF4B-00C04F79EFBC}") = "GenericCollectionUnitTests", "GenericCollectionUnitTests\GenericCollectionUnitTests.csproj", "{7AF1DEE7-CB16-40E1-B3E5-5584B3FB000B}"
EndProject
Global
	GlobalSection(SolutionConfigurationPlatforms) = preSolution
		Debug|Any CPU = Debug|Any CPU
		Release|Any CPU = Release|Any CPU
	EndGlobalSection
	GlobalSection(ProjectConfigurationPlatforms) = postSolution
		{EDBE89D9-A30F-4743-95FF-AF78E3B6AB47}.Debug|Any CPU.ActiveCfg = Debug|Any CPU
		{EDBE89D9-A30F-4743-95FF-AF78E3B6AB47}.Debug|Any CPU.Build.0 = Debug|Any CPU
		{EDBE89D9-A30F-4743-95FF-AF78E3B6AB47}.Release|Any CPU.ActiveCfg = Release|Any CPU
		{EDBE89D9-A30F-4743-95FF-AF78E3B6AB47}.Release|Any CPU.Build.0 = Release|Any CPU
		{7AF1DEE7-CB16-40E1-B3E5-5584B3FB000B}.Debug|Any CPU.ActiveCfg = Debug|Any CPU
		{7AF1DEE7-CB16-40E1-B3E5-5584B3FB000B}.Debug|Any CPU.Build.0 = Debug|Any CPU
		{7AF1DEE7-CB16-40E1-B3E5-5584B3FB000B}.Release|Any CPU.ActiveCfg = Release|Any CPU
		{7AF1DEE7-CB16-40E1-B3E5-5584B3FB000B}.Release|Any CPU.Build.0 = Release|Any CPU
	EndGlobalSection
	GlobalSection(SolutionProperties) = preSolution
		HideSolutionNode = FALSE
	EndGlobalSection
EndGlobal
