
Microsoft Visual Studio Solution File, Format Version 12.00
# Visual Studio 14
VisualStudioVersion = 14.0.25420.1
MinimumVisualStudioVersion = 10.0.40219.1
Project("{FAE04EC0-301F-11D3-BF4B-00C04F79EFBC}") = "FibbonaciClass", "FibbonaciClass\FibbonaciClass.csproj", "{7936F45F-5030-4F2B-A747-00477B42CBDE}"
EndProject
Project("{FAE04EC0-301F-11D3-BF4B-00C04F79EFBC}") = "FibbonaciClass.ConsoleTest", "FibbonaciClass.ConsoleTest\FibbonaciClass.ConsoleTest.csproj", "{84726102-F07A-4ED8-B817-052F89F300C5}"
EndProject
Global
	GlobalSection(SolutionConfigurationPlatforms) = preSolution
		Debug|Any CPU = Debug|Any CPU
		Release|Any CPU = Release|Any CPU
	EndGlobalSection
	GlobalSection(ProjectConfigurationPlatforms) = postSolution
		{7936F45F-5030-4F2B-A747-00477B42CBDE}.Debug|Any CPU.ActiveCfg = Debug|Any CPU
		{7936F45F-5030-4F2B-A747-00477B42CBDE}.Debug|Any CPU.Build.0 = Debug|Any CPU
		{7936F45F-5030-4F2B-A747-00477B42CBDE}.Release|Any CPU.ActiveCfg = Release|Any CPU
		{7936F45F-5030-4F2B-A747-00477B42CBDE}.Release|Any CPU.Build.0 = Release|Any CPU
		{84726102-F07A-4ED8-B817-052F89F300C5}.Debug|Any CPU.ActiveCfg = Debug|Any CPU
		{84726102-F07A-4ED8-B817-052F89F300C5}.Debug|Any CPU.Build.0 = Debug|Any CPU
		{84726102-F07A-4ED8-B817-052F89F300C5}.Release|Any CPU.ActiveCfg = Release|Any CPU
		{84726102-F07A-4ED8-B817-052F89F300C5}.Release|Any CPU.Build.0 = Release|Any CPU
	EndGlobalSection
	GlobalSection(SolutionProperties) = preSolution
		HideSolutionNode = FALSE
	EndGlobalSection
EndGlobal
